
Microsoft Visual Studio Solution File, Format Version 12.00
# Visual Studio 2013
VisualStudioVersion = 12.0.30501.0
MinimumVisualStudioVersion = 10.0.40219.1
Project("{FAE04EC0-301F-11D3-BF4B-00C04F79EFBC}") = "EditProj", "EditProj\EditProj.csproj", "{626916CC-5999-4962-B649-CF60242FCCFB}"
EndProject
Project("{FAE04EC0-301F-11D3-BF4B-00C04F79EFBC}") = "EditProj_IntegrationTests", "EditProj\EditProj_IntegrationTests\EditProj_IntegrationTests.csproj", "{19DD9341-AD44-4A97-A543-59FD02F476AE}"
EndProject
Project("{2150E333-8FDC-42A3-9474-1A3956D46DE8}") = "Solution Items", "Solution Items", "{8954F5EB-C90B-4F39-A710-B74DAF3C3730}"
	ProjectSection(SolutionItems) = preProject
		IntegrationTests.testsettings = IntegrationTests.testsettings
		UnitTests.testsettings = UnitTests.testsettings
	EndProjectSection
EndProject
Project("{FAE04EC0-301F-11D3-BF4B-00C04F79EFBC}") = "EditProj_UnitTests", "EditProj\EditProj_UnitTests\EditProj_UnitTests.csproj", "{799DC8EB-67D5-4A3B-B7CF-1AAAAE9C2BF3}"
EndProject
Global
	GlobalSection(SolutionConfigurationPlatforms) = preSolution
		Debug|Any CPU = Debug|Any CPU
		Release|Any CPU = Release|Any CPU
	EndGlobalSection
	GlobalSection(ProjectConfigurationPlatforms) = postSolution
		{626916CC-5999-4962-B649-CF60242FCCFB}.Debug|Any CPU.ActiveCfg = Debug|Any CPU
		{626916CC-5999-4962-B649-CF60242FCCFB}.Debug|Any CPU.Build.0 = Debug|Any CPU
		{626916CC-5999-4962-B649-CF60242FCCFB}.Release|Any CPU.ActiveCfg = Release|Any CPU
		{626916CC-5999-4962-B649-CF60242FCCFB}.Release|Any CPU.Build.0 = Release|Any CPU
		{19DD9341-AD44-4A97-A543-59FD02F476AE}.Debug|Any CPU.ActiveCfg = Debug|Any CPU
		{19DD9341-AD44-4A97-A543-59FD02F476AE}.Debug|Any CPU.Build.0 = Debug|Any CPU
		{19DD9341-AD44-4A97-A543-59FD02F476AE}.Release|Any CPU.ActiveCfg = Release|Any CPU
		{19DD9341-AD44-4A97-A543-59FD02F476AE}.Release|Any CPU.Build.0 = Release|Any CPU
		{799DC8EB-67D5-4A3B-B7CF-1AAAAE9C2BF3}.Debug|Any CPU.ActiveCfg = Debug|Any CPU
		{799DC8EB-67D5-4A3B-B7CF-1AAAAE9C2BF3}.Debug|Any CPU.Build.0 = Debug|Any CPU
		{799DC8EB-67D5-4A3B-B7CF-1AAAAE9C2BF3}.Release|Any CPU.ActiveCfg = Release|Any CPU
		{799DC8EB-67D5-4A3B-B7CF-1AAAAE9C2BF3}.Release|Any CPU.Build.0 = Release|Any CPU
	EndGlobalSection
	GlobalSection(SolutionProperties) = preSolution
		HideSolutionNode = FALSE
	EndGlobalSection
EndGlobal
